
Microsoft Visual Studio Solution File, Format Version 12.00
# Visual Studio Version 17
VisualStudioVersion = 17.5.33627.172
MinimumVisualStudioVersion = 10.0.40219.1
Project("{FAE04EC0-301F-11D3-BF4B-00C04F79EFBC}") = "labrat3", "labrat3.csproj", "{2F06F2C5-64AE-4D6C-A814-D94AE87C91A5}"
EndProject
Global
	GlobalSection(SolutionConfigurationPlatforms) = preSolution
		Debug|Any CPU = Debug|Any CPU
		Release|Any CPU = Release|Any CPU
	EndGlobalSection
	GlobalSection(ProjectConfigurationPlatforms) = postSolution
		{2F06F2C5-64AE-4D6C-A814-D94AE87C91A5}.Debug|Any CPU.ActiveCfg = Debug|Any CPU
		{2F06F2C5-64AE-4D6C-A814-D94AE87C91A5}.Debug|Any CPU.Build.0 = Debug|Any CPU
		{2F06F2C5-64AE-4D6C-A814-D94AE87C91A5}.Release|Any CPU.ActiveCfg = Release|Any CPU
		{2F06F2C5-64AE-4D6C-A814-D94AE87C91A5}.Release|Any CPU.Build.0 = Release|Any CPU
	EndGlobalSection
	GlobalSection(SolutionProperties) = preSolution
		HideSolutionNode = FALSE
	EndGlobalSection
	GlobalSection(ExtensibilityGlobals) = postSolution
		SolutionGuid = {8E27B61B-9580-430D-8D08-A8530B6A159A}
	EndGlobalSection
EndGlobal
